
Microsoft Visual Studio Solution File, Format Version 12.00
# Visual Studio Version 17
VisualStudioVersion = 17.0.31903.59
MinimumVisualStudioVersion = 10.0.40219.1
Project("{9A19103F-16F7-4668-BE54-9A1E7A4F7556}") = "API", "API\API.csproj", "{E2007A28-9FA2-4EE1-8748-2BFB0749AE03}"
EndProject
Project("{2150E333-8FDC-42A3-9474-1A3956D46DE8}") = "Tests", "Tests", "{6E96EF64-65B4-4C66-B720-F1E840A98A5C}"
EndProject
Project("{FAE04EC0-301F-11D3-BF4B-00C04F79EFBC}") = "UnitTests", "UnitTests\UnitTests.csproj", "{D2215570-850A-4115-946E-6CA439024CF3}"
EndProject
Global
	GlobalSection(SolutionConfigurationPlatforms) = preSolution
		Debug|Any CPU = Debug|Any CPU
		Release|Any CPU = Release|Any CPU
	EndGlobalSection
	GlobalSection(ProjectConfigurationPlatforms) = postSolution
		{E2007A28-9FA2-4EE1-8748-2BFB0749AE03}.Debug|Any CPU.ActiveCfg = Debug|Any CPU
		{E2007A28-9FA2-4EE1-8748-2BFB0749AE03}.Debug|Any CPU.Build.0 = Debug|Any CPU
		{E2007A28-9FA2-4EE1-8748-2BFB0749AE03}.Release|Any CPU.ActiveCfg = Release|Any CPU
		{E2007A28-9FA2-4EE1-8748-2BFB0749AE03}.Release|Any CPU.Build.0 = Release|Any CPU
		{D2215570-850A-4115-946E-6CA439024CF3}.Debug|Any CPU.ActiveCfg = Debug|Any CPU
		{D2215570-850A-4115-946E-6CA439024CF3}.Debug|Any CPU.Build.0 = Debug|Any CPU
		{D2215570-850A-4115-946E-6CA439024CF3}.Release|Any CPU.ActiveCfg = Release|Any CPU
		{D2215570-850A-4115-946E-6CA439024CF3}.Release|Any CPU.Build.0 = Release|Any CPU
	EndGlobalSection
	GlobalSection(SolutionProperties) = preSolution
		HideSolutionNode = FALSE
	EndGlobalSection
	GlobalSection(NestedProjects) = preSolution
		{D2215570-850A-4115-946E-6CA439024CF3} = {6E96EF64-65B4-4C66-B720-F1E840A98A5C}
	EndGlobalSection
	GlobalSection(ExtensibilityGlobals) = postSolution
		SolutionGuid = {B56D64AF-6164-4EE1-8FFD-035B6161F074}
	EndGlobalSection
EndGlobal
